PODS:
  - Flutter (1.0.0)
  - square_in_app_payments (1.0.0):
    - Flutter

DEPENDENCIES:
  - Flutter (from `.symlinks/flutter/ios`)
  - square_in_app_payments (from `.symlinks/plugins/square_in_app_payments/ios`)

EXTERNAL SOURCES:
  Flutter:
    :path: ".symlinks/flutter/ios"
  square_in_app_payments:
    :path: ".symlinks/plugins/square_in_app_payments/ios"

SPEC CHECKSUMS:
  Flutter: 9d0fac939486c9aba2809b7982dfdbb47a7b0296
  square_in_app_payments: eda89caef973655cb26fdb9736c50a73ccff2b29

PODFILE CHECKSUM: ef23e6c890056509fa6d7df6bd6d024b158808e1

COCOAPODS: 1.5.2
