PODS:
  - Flutter (1.0.0)
  - square_in_app_payments (1.6.2):
    - Flutter
    - SquareBuyerVerificationSDK (= 1.6.2)
    - SquareInAppPaymentsSDK (= 1.6.2)
  - SquareBuyerVerificationSDK (1.6.2)
  - SquareInAppPaymentsSDK (1.6.2)

DEPENDENCIES:
  - Flutter (from `Flutter`)
  - square_in_app_payments (from `.symlinks/plugins/square_in_app_payments/ios`)

SPEC REPOS:
  trunk:
    - SquareBuyerVerificationSDK
    - SquareInAppPaymentsSDK

EXTERNAL SOURCES:
  Flutter:
    :path: Flutter
  square_in_app_payments:
    :path: ".symlinks/plugins/square_in_app_payments/ios"

SPEC CHECKSUMS:
  Flutter: f04841e97a9d0b0a8025694d0796dd46242b2854
  square_in_app_payments: d10b915e04a51a37be9192ee28830af05fc73f48
  SquareBuyerVerificationSDK: c2a0941aca554d45ee176ecf778a35cf847c0abe
  SquareInAppPaymentsSDK: 071115bf6d0c2dbcb931e66cedbe3b383d320ee3

PODFILE CHECKSUM: 5b08e58e04d3ed714031309c1770434ceb3d0379

COCOAPODS: 1.12.1
