PODS:
  - Flutter (1.0.0)
  - square_in_app_payments (1.2.0):
    - Flutter
    - SquareInAppPaymentsSDK (= 1.2.0)
  - SquareInAppPaymentsSDK (1.2.0)

DEPENDENCIES:
  - Flutter (from `.symlinks/flutter/ios`)
  - square_in_app_payments (from `.symlinks/plugins/square_in_app_payments/ios`)

SPEC REPOS:
  https://github.com/cocoapods/specs.git:
    - SquareInAppPaymentsSDK

EXTERNAL SOURCES:
  Flutter:
    :path: ".symlinks/flutter/ios"
  square_in_app_payments:
    :path: ".symlinks/plugins/square_in_app_payments/ios"

SPEC CHECKSUMS:
  Flutter: 58dd7d1b27887414a370fcccb9e645c08ffd7a6a
  square_in_app_payments: 5147612bdab7ae2861e4281853ea0b1fc50823bb
  SquareInAppPaymentsSDK: 4cd8143cfb21f2050cc6252596a1b8c910ad2fb9

PODFILE CHECKSUM: ef23e6c890056509fa6d7df6bd6d024b158808e1

COCOAPODS: 1.7.5
